
Microsoft Visual Studio Solution File, Format Version 12.00
# Visual Studio Version 16
VisualStudioVersion = 16.0.31702.278
MinimumVisualStudioVersion = 10.0.40219.1
Project("{FAE04EC0-301F-11D3-BF4B-00C04F79EFBC}") = "atts04_MongoDBAPI_Auditoria", "atts04_MongoDBAPI_Auditoria\atts04_MongoDBAPI_Auditoria.csproj", "{A893F26F-3624-412C-9CFC-5A60E59B0A95}"
EndProject
Global
	GlobalSection(SolutionConfigurationPlatforms) = preSolution
		Debug|Any CPU = Debug|Any CPU
		Release|Any CPU = Release|Any CPU
	EndGlobalSection
	GlobalSection(ProjectConfigurationPlatforms) = postSolution
		{A893F26F-3624-412C-9CFC-5A60E59B0A95}.Debug|Any CPU.ActiveCfg = Debug|Any CPU
		{A893F26F-3624-412C-9CFC-5A60E59B0A95}.Debug|Any CPU.Build.0 = Debug|Any CPU
		{A893F26F-3624-412C-9CFC-5A60E59B0A95}.Release|Any CPU.ActiveCfg = Release|Any CPU
		{A893F26F-3624-412C-9CFC-5A60E59B0A95}.Release|Any CPU.Build.0 = Release|Any CPU
	EndGlobalSection
	GlobalSection(SolutionProperties) = preSolution
		HideSolutionNode = FALSE
	EndGlobalSection
	GlobalSection(ExtensibilityGlobals) = postSolution
		SolutionGuid = {493438C0-33FA-439F-979E-834F6E7D4E46}
	EndGlobalSection
EndGlobal
