
Microsoft Visual Studio Solution File, Format Version 12.00
# Visual Studio Version 16
VisualStudioVersion = 16.0.31613.86
MinimumVisualStudioVersion = 10.0.40219.1
Project("{FAE04EC0-301F-11D3-BF4B-00C04F79EFBC}") = "atts02_EF_CORE", "atts02_EF_CORE\atts02_EF_CORE.csproj", "{77883FE5-E4CC-45E2-B645-ABED8E27CE80}"
EndProject
Global
	GlobalSection(SolutionConfigurationPlatforms) = preSolution
		Debug|Any CPU = Debug|Any CPU
		Release|Any CPU = Release|Any CPU
	EndGlobalSection
	GlobalSection(ProjectConfigurationPlatforms) = postSolution
		{77883FE5-E4CC-45E2-B645-ABED8E27CE80}.Debug|Any CPU.ActiveCfg = Debug|Any CPU
		{77883FE5-E4CC-45E2-B645-ABED8E27CE80}.Debug|Any CPU.Build.0 = Debug|Any CPU
		{77883FE5-E4CC-45E2-B645-ABED8E27CE80}.Release|Any CPU.ActiveCfg = Release|Any CPU
		{77883FE5-E4CC-45E2-B645-ABED8E27CE80}.Release|Any CPU.Build.0 = Release|Any CPU
	EndGlobalSection
	GlobalSection(SolutionProperties) = preSolution
		HideSolutionNode = FALSE
	EndGlobalSection
	GlobalSection(ExtensibilityGlobals) = postSolution
		SolutionGuid = {A218A5F8-472F-472A-A9DE-38CA559D1E58}
	EndGlobalSection
EndGlobal
